
Microsoft Visual Studio Solution File, Format Version 12.00
# Visual Studio Version 17
VisualStudioVersion = 17.7.34018.315
MinimumVisualStudioVersion = 10.0.40219.1
Project("{9A19103F-16F7-4668-BE54-9A1E7A4F7556}") = "library-webapi-ef-tutorial", "library-webapi-ef-tutorial\library-webapi-ef-tutorial.csproj", "{6966F34C-C0A1-4B97-BECC-A807EC63F410}"
EndProject
Project("{FAE04EC0-301F-11D3-BF4B-00C04F79EFBC}") = "DBFirstLibrary", "DBFirstLibrary\DBFirstLibrary.csproj", "{2E34AE3B-6B93-4E6B-A6A2-16C4D0D27D1F}"
EndProject
Global
	GlobalSection(SolutionConfigurationPlatforms) = preSolution
		Debug|Any CPU = Debug|Any CPU
		Release|Any CPU = Release|Any CPU
	EndGlobalSection
	GlobalSection(ProjectConfigurationPlatforms) = postSolution
		{6966F34C-C0A1-4B97-BECC-A807EC63F410}.Debug|Any CPU.ActiveCfg = Debug|Any CPU
		{6966F34C-C0A1-4B97-BECC-A807EC63F410}.Debug|Any CPU.Build.0 = Debug|Any CPU
		{6966F34C-C0A1-4B97-BECC-A807EC63F410}.Release|Any CPU.ActiveCfg = Release|Any CPU
		{6966F34C-C0A1-4B97-BECC-A807EC63F410}.Release|Any CPU.Build.0 = Release|Any CPU
		{2E34AE3B-6B93-4E6B-A6A2-16C4D0D27D1F}.Debug|Any CPU.ActiveCfg = Debug|Any CPU
		{2E34AE3B-6B93-4E6B-A6A2-16C4D0D27D1F}.Debug|Any CPU.Build.0 = Debug|Any CPU
		{2E34AE3B-6B93-4E6B-A6A2-16C4D0D27D1F}.Release|Any CPU.ActiveCfg = Release|Any CPU
		{2E34AE3B-6B93-4E6B-A6A2-16C4D0D27D1F}.Release|Any CPU.Build.0 = Release|Any CPU
	EndGlobalSection
	GlobalSection(SolutionProperties) = preSolution
		HideSolutionNode = FALSE
	EndGlobalSection
	GlobalSection(ExtensibilityGlobals) = postSolution
		SolutionGuid = {8A30C3CA-7CD4-4424-90F5-B2D65278A1F7}
	EndGlobalSection
EndGlobal
